// !$*UTF8*$!
{
	archiveVersion = 1;
	classes = {
	};
	objectVersion = 46;
	objects = {

/* Begin PBXBuildFile section */
		D2EA83E71912E9B0004A2673 /* Foundation.framework in Frameworks */ = {isa = PBXBuildFile; fileRef = D2EA83E61912E9B0004A2673 /* Foundation.framework */; };
		D2EA83E91912E9B0004A2673 /* CoreGraphics.framework in Frameworks */ = {isa = PBXBuildFile; fileRef = D2EA83E81912E9B0004A2673 /* CoreGraphics.framework */; };
		D2EA83EB1912E9B0004A2673 /* UIKit.framework in Frameworks */ = {isa = PBXBuildFile; fileRef = D2EA83EA1912E9B0004A2673 /* UIKit.framework */; };
		D2EA83F11912E9B0004A2673 /* InfoPlist.strings in Resources */ = {isa = PBXBuildFile; fileRef = D2EA83EF1912E9B0004A2673 /* InfoPlist.strings */; };
		D2EA83F31912E9B0004A2673 /* main.m in Sources */ = {isa = PBXBuildFile; fileRef = D2EA83F21912E9B0004A2673 /* main.m */; };
		D2EA83F71912E9B0004A2673 /* TBAppDelegate.m in Sources */ = {isa = PBXBuildFile; fileRef = D2EA83F61912E9B0004A2673 /* TBAppDelegate.m */; };
		D2EA83FA1912E9B0004A2673 /* Main.storyboard in Resources */ = {isa = PBXBuildFile; fileRef = D2EA83F81912E9B0004A2673 /* Main.storyboard */; };
		D2EA83FD1912E9B0004A2673 /* TBViewController.m in Sources */ = {isa = PBXBuildFile; fileRef = D2EA83FC1912E9B0004A2673 /* TBViewController.m */; };
		D2EA83FF1912E9B0004A2673 /* Images.xcassets in Resources */ = {isa = PBXBuildFile; fileRef = D2EA83FE1912E9B0004A2673 /* Images.xcassets */; };
		D2EA84061912E9B0004A2673 /* XCTest.framework in Frameworks */ = {isa = PBXBuildFile; fileRef = D2EA84051912E9B0004A2673 /* XCTest.framework */; };
		D2EA84071912E9B0004A2673 /* Foundation.framework in Frameworks */ = {isa = PBXBuildFile; fileRef = D2EA83E61912E9B0004A2673 /* Foundation.framework */; };
		D2EA84081912E9B0004A2673 /* UIKit.framework in Frameworks */ = {isa = PBXBuildFile; fileRef = D2EA83EA1912E9B0004A2673 /* UIKit.framework */; };
		D2EA84101912E9B0004A2673 /* InfoPlist.strings in Resources */ = {isa = PBXBuildFile; fileRef = D2EA840E1912E9B0004A2673 /* InfoPlist.strings */; };
		D2EA84121912E9B0004A2673 /* MyFirstApplicationTests.m in Sources */ = {isa = PBXBuildFile; fileRef = D2EA84111912E9B0004A2673 /* MyFirstApplicationTests.m */; };
		FACFF1E21914444A00F185BA /* images-2.jpeg in Resources */ = {isa = PBXBuildFile; fileRef = FACFF1E11914444A00F185BA /* images-2.jpeg */; };
/* End PBXBuildFile section */

/* Begin PBXContainerItemProxy section */
		D2EA84091912E9B0004A2673 /* PBXContainerItemProxy */ = {
			isa = PBXContainerItemProxy;
			containerPortal = D2EA83DB1912E9AF004A2673 /* Project object */;
			proxyType = 1;
			remoteGlobalIDString = D2EA83E21912E9B0004A2673;
			remoteInfo = MyFirstApplication;
		};
/* End PBXContainerItemProxy section */

/* Begin PBXFileReference section */
		D2EA83E31912E9B0004A2673 /* MyFirstApplication.app */ = {isa = PBXFileReference; explicitFileType = wrapper.application; includeInIndex = 0; path = MyFirstApplication.app; sourceTree = BUILT_PRODUCTS_DIR; };
		D2EA83E61912E9B0004A2673 /* Foundation.framework */ = {isa = PBXFileReference; lastKnownFileType = wrapper.framework; name = Foundation.framework; path = System/Library/Frameworks/Foundation.framework; sourceTree = SDKROOT; };
		D2EA83E81912E9B0004A2673 /* CoreGraphics.framework */ = {isa = PBXFileReference; lastKnownFileType = wrapper.framework; name = CoreGraphics.framework; path = System/Library/Frameworks/CoreGraphics.framework; sourceTree = SDKROOT; };
		D2EA83EA1912E9B0004A2673 /* UIKit.framework */ = {isa = PBXFileReference; lastKnownFileType = wrapper.framework; name = UIKit.framework; path = System/Library/Frameworks/UIKit.framework; sourceTree = SDKROOT; };
		D2EA83EE1912E9B0004A2673 /* MyFirstApplication-Info.plist */ = {isa = PBXFileReference; lastKnownFileType = text.plist.xml; path = "MyFirstApplication-Info.plist"; sourceTree = "<group>"; };
		D2EA83F01912E9B0004A2673 /* en */ = {isa = PBXFileReference; lastKnownFileType = text.plist.strings; name = en; path = en.lproj/InfoPlist.strings; sourceTree = "<group>"; };
		D2EA83F21912E9B0004A2673 /* main.m */ = {isa = PBXFileReference; lastKnownFileType = sourcecode.c.objc; path = main.m; sourceTree = "<group>"; };
		D2EA83F41912E9B0004A2673 /* MyFirstApplication-Prefix.pch */ = {isa = PBXFileReference; lastKnownFileType = sourcecode.c.h; path = "MyFirstApplication-Prefix.pch"; sourceTree = "<group>"; };
		D2EA83F51912E9B0004A2673 /* TBAppDelegate.h */ = {isa = PBXFileReference; lastKnownFileType = sourcecode.c.h; path = TBAppDelegate.h; sourceTree = "<group>"; };
		D2EA83F61912E9B0004A2673 /* TBAppDelegate.m */ = {isa = PBXFileReference; lastKnownFileType = sourcecode.c.objc; path = TBAppDelegate.m; sourceTree = "<group>"; };
		D2EA83F91912E9B0004A2673 /* Base */ = {isa = PBXFileReference; lastKnownFileType = file.storyboard; name = Base; path = Base.lproj/Main.storyboard; sourceTree = "<group>"; };
		D2EA83FB1912E9B0004A2673 /* TBViewController.h */ = {isa = PBXFileReference; lastKnownFileType = sourcecode.c.h; path = TBViewController.h; sourceTree = "<group>"; };
		D2EA83FC1912E9B0004A2673 /* TBViewController.m */ = {isa = PBXFileReference; lastKnownFileType = sourcecode.c.objc; path = TBViewController.m; sourceTree = "<group>"; };
		D2EA83FE1912E9B0004A2673 /* Images.xcassets */ = {isa = PBXFileReference; lastKnownFileType = folder.assetcatalog; path = Images.xcassets; sourceTree = "<group>"; };
		D2EA84041912E9B0004A2673 /* MyFirstApplicationTests.xctest */ = {isa = PBXFileReference; explicitFileType = wrapper.cfbundle; includeInIndex = 0; path = MyFirstApplicationTests.xctest; sourceTree = BUILT_PRODUCTS_DIR; };
		D2EA84051912E9B0004A2673 /* XCTest.framework */ = {isa = PBXFileReference; lastKnownFileType = wrapper.framework; name = XCTest.framework; path = Library/Frameworks/XCTest.framework; sourceTree = DEVELOPER_DIR; };
		D2EA840D1912E9B0004A2673 /* MyFirstApplicationTests-Info.plist */ = {isa = PBXFileReference; lastKnownFileType = text.plist.xml; path = "MyFirstApplicationTests-Info.plist"; sourceTree = "<group>"; };
		D2EA840F1912E9B0004A2673 /* en */ = {isa = PBXFileReference; lastKnownFileType = text.plist.strings; name = en; path = en.lproj/InfoPlist.strings; sourceTree = "<group>"; };
		D2EA84111912E9B0004A2673 /* MyFirstApplicationTests.m */ = {isa = PBXFileReference; lastKnownFileType = sourcecode.c.objc; path = MyFirstApplicationTests.m; sourceTree = "<group>"; };
		FACFF1E11914444A00F185BA /* images-2.jpeg */ = {isa = PBXFileReference; lastKnownFileType = image.jpeg; path = "images-2.jpeg"; sourceTree = "<group>"; };
/* End PBXFileReference section */

/* Begin PBXFrameworksBuildPhase section */
		D2EA83E01912E9B0004A2673 /* Frameworks */ = {
			isa = PBXFrameworksBuildPhase;
			buildActionMask = 2147483647;
			files = (
				D2EA83E91912E9B0004A2673 /* CoreGraphics.framework in Frameworks */,
				D2EA83EB1912E9B0004A2673 /* UIKit.framework in Frameworks */,
				D2EA83E71912E9B0004A2673 /* Foundation.framework in Frameworks */,
			);
			runOnlyForDeploymentPostprocessing = 0;
		};
		D2EA84011912E9B0004A2673 /* Frameworks */ = {
			isa = PBXFrameworksBuildPhase;
			buildActionMask = 2147483647;
			files = (
				D2EA84061912E9B0004A2673 /* XCTest.framework in Frameworks */,
				D2EA84081912E9B0004A2673 /* UIKit.framework in Frameworks */,
				D2EA84071912E9B0004A2673 /* Foundation.framework in Frameworks */,
			);
			runOnlyForDeploymentPostprocessing = 0;
		};
/* End PBXFrameworksBuildPhase section */

/* Begin PBXGroup section */
		D2EA83DA1912E9AF004A2673 = {
			isa = PBXGroup;
			children = (
				D2EA83EC1912E9B0004A2673 /* MyFirstApplication */,
				D2EA840B1912E9B0004A2673 /* MyFirstApplicationTests */,
				D2EA83E51912E9B0004A2673 /* Frameworks */,
				D2EA83E41912E9B0004A2673 /* Products */,
			);
			sourceTree = "<group>";
		};
		D2EA83E41912E9B0004A2673 /* Products */ = {
			isa = PBXGroup;
			children = (
				D2EA83E31912E9B0004A2673 /* MyFirstApplication.app */,
				D2EA84041912E9B0004A2673 /* MyFirstApplicationTests.xctest */,
			);
			name = Products;
			sourceTree = "<group>";
		};
		D2EA83E51912E9B0004A2673 /* Frameworks */ = {
			isa = PBXGroup;
			children = (
				D2EA83E61912E9B0004A2673 /* Foundation.framework */,
				D2EA83E81912E9B0004A2673 /* CoreGraphics.framework */,
				D2EA83EA1912E9B0004A2673 /* UIKit.framework */,
				D2EA84051912E9B0004A2673 /* XCTest.framework */,
			);
			name = Frameworks;
			sourceTree = "<group>";
		};
		D2EA83EC1912E9B0004A2673 /* MyFirstApplication */ = {
			isa = PBXGroup;
			children = (
				D2EA83F51912E9B0004A2673 /* TBAppDelegate.h */,
				D2EA83F61912E9B0004A2673 /* TBAppDelegate.m */,
				D2EA83F81912E9B0004A2673 /* Main.storyboard */,
				D2EA83FB1912E9B0004A2673 /* TBViewController.h */,
				D2EA83FC1912E9B0004A2673 /* TBViewController.m */,
				D2EA83FE1912E9B0004A2673 /* Images.xcassets */,
				D2EA83ED1912E9B0004A2673 /* Supporting Files */,
			);
			path = MyFirstApplication;
			sourceTree = "<group>";
		};
		D2EA83ED1912E9B0004A2673 /* Supporting Files */ = {
			isa = PBXGroup;
			children = (
				FACFF1E11914444A00F185BA /* images-2.jpeg */,
				D2EA83EE1912E9B0004A2673 /* MyFirstApplication-Info.plist */,
				D2EA83EF1912E9B0004A2673 /* InfoPlist.strings */,
				D2EA83F21912E9B0004A2673 /* main.m */,
				D2EA83F41912E9B0004A2673 /* MyFirstApplication-Prefix.pch */,
			);
			name = "Supporting Files";
			sourceTree = "<group>";
		};
		D2EA840B1912E9B0004A2673 /* MyFirstApplicationTests */ = {
			isa = PBXGroup;
			children = (
				D2EA84111912E9B0004A2673 /* MyFirstApplicationTests.m */,
				D2EA840C1912E9B0004A2673 /* Supporting Files */,
			);
			path = MyFirstApplicationTests;
			sourceTree = "<group>";
		};
		D2EA840C1912E9B0004A2673 /* Supporting Files */ = {
			isa = PBXGroup;
			children = (
				D2EA840D1912E9B0004A2673 /* MyFirstApplicationTests-Info.plist */,
				D2EA840E1912E9B0004A2673 /* InfoPlist.strings */,
			);
			name = "Supporting Files";
			sourceTree = "<group>";
		};
/* End PBXGroup section */

/* Begin PBXNativeTarget section */
		D2EA83E21912E9B0004A2673 /* MyFirstApplication */ = {
			isa = PBXNativeTarget;
			buildConfigurationList = D2EA84151912E9B0004A2673 /* Build configuration list for PBXNativeTarget "MyFirstApplication" */;
			buildPhases = (
				D2EA83DF1912E9B0004A2673 /* Sources */,
				D2EA83E01912E9B0004A2673 /* Frameworks */,
				D2EA83E11912E9B0004A2673 /* Resources */,
			);
			buildRules = (
			);
			dependencies = (
			);
			name = MyFirstApplication;
			productName = MyFirstApplication;
			productReference = D2EA83E31912E9B0004A2673 /* MyFirstApplication.app */;
			productType = "com.apple.product-type.application";
		};
		D2EA84031912E9B0004A2673 /* MyFirstApplicationTests */ = {
			isa = PBXNativeTarget;
			buildConfigurationList = D2EA84181912E9B0004A2673 /* Build configuration list for PBXNativeTarget "MyFirstApplicationTests" */;
			buildPhases = (
				D2EA84001912E9B0004A2673 /* Sources */,
				D2EA84011912E9B0004A2673 /* Frameworks */,
				D2EA84021912E9B0004A2673 /* Resources */,
			);
			buildRules = (
			);
			dependencies = (
				D2EA840A1912E9B0004A2673 /* PBXTargetDependency */,
			);
			name = MyFirstApplicationTests;
			productName = MyFirstApplicationTests;
			productReference = D2EA84041912E9B0004A2673 /* MyFirstApplicationTests.xctest */;
			productType = "com.apple.product-type.bundle.unit-test";
		};
/* End PBXNativeTarget section */

/* Begin PBXProject section */
		D2EA83DB1912E9AF004A2673 /* Project object */ = {
			isa = PBXProject;
			attributes = {
				CLASSPREFIX = TB;
				LastUpgradeCheck = 0510;
				ORGANIZATIONNAME = "Truu Bruu";
				TargetAttributes = {
					D2EA84031912E9B0004A2673 = {
						TestTargetID = D2EA83E21912E9B0004A2673;
					};
				};
			};
			buildConfigurationList = D2EA83DE1912E9AF004A2673 /* Build configuration list for PBXProject "MyFirstApplication" */;
			compatibilityVersion = "Xcode 3.2";
			developmentRegion = English;
			hasScannedForEncodings = 0;
			knownRegions = (
				en,
				Base,
			);
			mainGroup = D2EA83DA1912E9AF004A2673;
			productRefGroup = D2EA83E41912E9B0004A2673 /* Products */;
			projectDirPath = "";
			projectRoot = "";
			targets = (
				D2EA83E21912E9B0004A2673 /* MyFirstApplication */,
				D2EA84031912E9B0004A2673 /* MyFirstApplicationTests */,
			);
		};
/* End PBXProject section */

/* Begin PBXResourcesBuildPhase section */
		D2EA83E11912E9B0004A2673 /* Resources */ = {
			isa = PBXResourcesBuildPhase;
			buildActionMask = 2147483647;
			files = (
				D2EA83FF1912E9B0004A2673 /* Images.xcassets in Resources */,
				D2EA83F11912E9B0004A2673 /* InfoPlist.strings in Resources */,
				FACFF1E21914444A00F185BA /* images-2.jpeg in Resources */,
				D2EA83FA1912E9B0004A2673 /* Main.storyboard in Resources */,
			);
			runOnlyForDeploymentPostprocessing = 0;
		};
		D2EA84021912E9B0004A2673 /* Resources */ = {
			isa = PBXResourcesBuildPhase;
			buildActionMask = 2147483647;
			files = (
				D2EA84101912E9B0004A2673 /* InfoPlist.strings in Resources */,
			);
			runOnlyForDeploymentPostprocessing = 0;
		};
/* End PBXResourcesBuildPhase section */

/* Begin PBXSourcesBuildPhase section */
		D2EA83DF1912E9B0004A2673 /* Sources */ = {
			isa = PBXSourcesBuildPhase;
			buildActionMask = 2147483647;
			files = (
				D2EA83FD1912E9B0004A2673 /* TBViewController.m in Sources */,
				D2EA83F71912E9B0004A2673 /* TBAppDelegate.m in Sources */,
				D2EA83F31912E9B0004A2673 /* main.m in Sources */,
			);
			runOnlyForDeploymentPostprocessing = 0;
		};
		D2EA84001912E9B0004A2673 /* Sources */ = {
			isa = PBXSourcesBuildPhase;
			buildActionMask = 2147483647;
			files = (
				D2EA84121912E9B0004A2673 /* MyFirstApplicationTests.m in Sources */,
			);
			runOnlyForDeploymentPostprocessing = 0;
		};
/* End PBXSourcesBuildPhase section */

/* Begin PBXTargetDependency section */
		D2EA840A1912E9B0004A2673 /* PBXTargetDependency */ = {
			isa = PBXTargetDependency;
			target = D2EA83E21912E9B0004A2673 /* MyFirstApplication */;
			targetProxy = D2EA84091912E9B0004A2673 /* PBXContainerItemProxy */;
		};
/* End PBXTargetDependency section */

/* Begin PBXVariantGroup section */
		D2EA83EF1912E9B0004A2673 /* InfoPlist.strings */ = {
			isa = PBXVariantGroup;
			children = (
				D2EA83F01912E9B0004A2673 /* en */,
			);
			name = InfoPlist.strings;
			sourceTree = "<group>";
		};
		D2EA83F81912E9B0004A2673 /* Main.storyboard */ = {
			isa = PBXVariantGroup;
			children = (
				D2EA83F91912E9B0004A2673 /* Base */,
			);
			name = Main.storyboard;
			sourceTree = "<group>";
		};
		D2EA840E1912E9B0004A2673 /* InfoPlist.strings */ = {
			isa = PBXVariantGroup;
			children = (
				D2EA840F1912E9B0004A2673 /* en */,
			);
			name = InfoPlist.strings;
			sourceTree = "<group>";
		};
/* End PBXVariantGroup section */

/* Begin XCBuildConfiguration section */
		D2EA84131912E9B0004A2673 /* Debug */ = {
			isa = XCBuildConfiguration;
			buildSettings = {
				ALWAYS_SEARCH_USER_PATHS = NO;
				CLANG_CXX_LANGUAGE_STANDARD = "gnu++0x";
				CLANG_CXX_LIBRARY = "libc++";
				CLANG_ENABLE_MODULES = YES;
				CLANG_ENABLE_OBJC_ARC = YES;
				CLANG_WARN_BOOL_CONVERSION = YES;
				CLANG_WARN_CONSTANT_CONVERSION = YES;
				CLANG_WARN_DIRECT_OBJC_ISA_USAGE = YES_ERROR;
				CLANG_WARN_EMPTY_BODY = YES;
				CLANG_WARN_ENUM_CONVERSION = YES;
				CLANG_WARN_INT_CONVERSION = YES;
				CLANG_WARN_OBJC_ROOT_CLASS = YES_ERROR;
				CLANG_WARN__DUPLICATE_METHOD_MATCH = YES;
				"CODE_SIGN_IDENTITY[sdk=iphoneos*]" = "iPhone Developer";
				COPY_PHASE_STRIP = NO;
				GCC_C_LANGUAGE_STANDARD = gnu99;
				GCC_DYNAMIC_NO_PIC = NO;
				GCC_OPTIMIZATION_LEVEL = 0;
				GCC_PREPROCESSOR_DEFINITIONS = (
					"DEBUG=1",
					"$(inherited)",
				);
				GCC_SYMBOLS_PRIVATE_EXTERN = NO;
				GCC_WARN_64_TO_32_BIT_CONVERSION = YES;
				GCC_WARN_ABOUT_RETURN_TYPE = YES_ERROR;
				GCC_WARN_UNDECLARED_SELECTOR = YES;
				GCC_WARN_UNINITIALIZED_AUTOS = YES_AGGRESSIVE;
				GCC_WARN_UNUSED_FUNCTION = YES;
				GCC_WARN_UNUSED_VARIABLE = YES;
				IPHONEOS_DEPLOYMENT_TARGET = 7.1;
				ONLY_ACTIVE_ARCH = YES;
				SDKROOT = iphoneos;
			};
			name = Debug;
		};
		D2EA84141912E9B0004A2673 /* Release */ = {
			isa = XCBuildConfiguration;
			buildSettings = {
				ALWAYS_SEARCH_USER_PATHS = NO;
				CLANG_CXX_LANGUAGE_STANDARD = "gnu++0x";
				CLANG_CXX_LIBRARY = "libc++";
				CLANG_ENABLE_MODULES = YES;
				CLANG_ENABLE_OBJC_ARC = YES;
				CLANG_WARN_BOOL_CONVERSION = YES;
				CLANG_WARN_CONSTANT_CONVERSION = YES;
				CLANG_WARN_DIRECT_OBJC_ISA_USAGE = YES_ERROR;
				CLANG_WARN_EMPTY_BODY = YES;
				CLANG_WARN_ENUM_CONVERSION = YES;
				CLANG_WARN_INT_CONVERSION = YES;
				CLANG_WARN_OBJC_ROOT_CLASS = YES_ERROR;
				CLANG_WARN__DUPLICATE_METHOD_MATCH = YES;
				"CODE_SIGN_IDENTITY[sdk=iphoneos*]" = "iPhone Developer";
				COPY_PHASE_STRIP = YES;
				ENABLE_NS_ASSERTIONS = NO;
				GCC_C_LANGUAGE_STANDARD = gnu99;
				GCC_WARN_64_TO_32_BIT_CONVERSION = YES;
				GCC_WARN_ABOUT_RETURN_TYPE = YES_ERROR;
				GCC_WARN_UNDECLARED_SELECTOR = YES;
				GCC_WARN_UNINITIALIZED_AUTOS = YES_AGGRESSIVE;
				GCC_WARN_UNUSED_FUNCTION = YES;
				GCC_WARN_UNUSED_VARIABLE = YES;
				IPHONEOS_DEPLOYMENT_TARGET = 7.1;
				SDKROOT = iphoneos;
				VALIDATE_PRODUCT = YES;
			};
			name = Release;
		};
		D2EA84161912E9B0004A2673 /* Debug */ = {
			isa = XCBuildConfiguration;
			buildSettings = {
				ASSETCATALOG_COMPILER_APPICON_NAME = AppIcon;
				ASSETCATALOG_COMPILER_LAUNCHIMAGE_NAME = LaunchImage;
				CODE_SIGN_IDENTITY = "iPhone Developer";
				GCC_PRECOMPILE_PREFIX_HEADER = YES;
				GCC_PREFIX_HEADER = "MyFirstApplication/MyFirstApplication-Prefix.pch";
				INFOPLIST_FILE = "MyFirstApplication/MyFirstApplication-Info.plist";
				IPHONEOS_DEPLOYMENT_TARGET = 7.0;
				PRODUCT_NAME = "$(TARGET_NAME)";
				WRAPPER_EXTENSION = app;
			};
			name = Debug;
		};
		D2EA84171912E9B0004A2673 /* Release */ = {
			isa = XCBuildConfiguration;
			buildSettings = {
				ASSETCATALOG_COMPILER_APPICON_NAME = AppIcon;
				ASSETCATALOG_COMPILER_LAUNCHIMAGE_NAME = LaunchImage;
				CODE_SIGN_IDENTITY = "iPhone Developer";
				GCC_PRECOMPILE_PREFIX_HEADER = YES;
				GCC_PREFIX_HEADER = "MyFirstApplication/MyFirstApplication-Prefix.pch";
				INFOPLIST_FILE = "MyFirstApplication/MyFirstApplication-Info.plist";
				IPHONEOS_DEPLOYMENT_TARGET = 7.0;
				PRODUCT_NAME = "$(TARGET_NAME)";
				WRAPPER_EXTENSION = app;
			};
			name = Release;
		};
		D2EA84191912E9B0004A2673 /* Debug */ = {
			isa = XCBuildConfiguration;
			buildSettings = {
				BUNDLE_LOADER = "$(BUILT_PRODUCTS_DIR)/MyFirstApplication.app/MyFirstApplication";
				FRAMEWORK_SEARCH_PATHS = (
					"$(SDKROOT)/Developer/Library/Frameworks",
					"$(inherited)",
					"$(DEVELOPER_FRAMEWORKS_DIR)",
				);
				GCC_PRECOMPILE_PREFIX_HEADER = YES;
				GCC_PREFIX_HEADER = "MyFirstApplication/MyFirstApplication-Prefix.pch";
				GCC_PREPROCESSOR_DEFINITIONS = (
					"DEBUG=1",
					"$(inherited)",
				);
				INFOPLIST_FILE = "MyFirstApplicationTests/MyFirstApplicationTests-Info.plist";
				PRODUCT_NAME = "$(TARGET_NAME)";
				TEST_HOST = "$(BUNDLE_LOADER)";
				WRAPPER_EXTENSION = xctest;
			};
			name = Debug;
		};
		D2EA841A1912E9B0004A2673 /* Release */ = {
			isa = XCBuildConfiguration;
			buildSettings = {
				BUNDLE_LOADER = "$(BUILT_PRODUCTS_DIR)/MyFirstApplication.app/MyFirstApplication";
				FRAMEWORK_SEARCH_PATHS = (
					"$(SDKROOT)/Developer/Library/Frameworks",
					"$(inherited)",
					"$(DEVELOPER_FRAMEWORKS_DIR)",
				);
				GCC_PRECOMPILE_PREFIX_HEADER = YES;
				GCC_PREFIX_HEADER = "MyFirstApplication/MyFirstApplication-Prefix.pch";
				INFOPLIST_FILE = "MyFirstApplicationTests/MyFirstApplicationTests-Info.plist";
				PRODUCT_NAME = "$(TARGET_NAME)";
				TEST_HOST = "$(BUNDLE_LOADER)";
				WRAPPER_EXTENSION = xctest;
			};
			name = Release;
		};
/* End XCBuildConfiguration section */

/* Begin XCConfigurationList section */
		D2EA83DE1912E9AF004A2673 /* Build configuration list for PBXProject "MyFirstApplication" */ = {
			isa = XCConfigurationList;
			buildConfigurations = (
				D2EA84131912E9B0004A2673 /* Debug */,
				D2EA84141912E9B0004A2673 /* Release */,
			);
			defaultConfigurationIsVisible = 0;
			defaultConfigurationName = Release;
		};
		D2EA84151912E9B0004A2673 /* Build configuration list for PBXNativeTarget "MyFirstApplication" */ = {
			isa = XCConfigurationList;
			buildConfigurations = (
				D2EA84161912E9B0004A2673 /* Debug */,
				D2EA84171912E9B0004A2673 /* Release */,
			);
			defaultConfigurationIsVisible = 0;
			defaultConfigurationName = Release;
		};
		D2EA84181912E9B0004A2673 /* Build configuration list for PBXNativeTarget "MyFirstApplicationTests" */ = {
			isa = XCConfigurationList;
			buildConfigurations = (
				D2EA84191912E9B0004A2673 /* Debug */,
				D2EA841A1912E9B0004A2673 /* Release */,
			);
			defaultConfigurationIsVisible = 0;
			defaultConfigurationName = Release;
		};
/* End XCConfigurationList section */
	};
	rootObject = D2EA83DB1912E9AF004A2673 /* Project object */;
}
